// !$*UTF8*$!
{
	archiveVersion = 1;
	classes = {
	};
	objectVersion = 46;
	objects = {

/* Begin PBXBuildFile section */
		382A8A3C1E84767A005C1601 /* ActivityIndicatorMessageView.swift in Sources */ = {isa = PBXBuildFile; fileRef = 382A8A3B1E84767A005C1601 /* ActivityIndicatorMessageView.swift */; };
		384DC4091E789C130017A525 /* SignOnViewController.swift in Sources */ = {isa = PBXBuildFile; fileRef = 384DC4081E789C130017A525 /* SignOnViewController.swift */; };
		384DC40B1E789D010017A525 /* SignUpViewController.swift in Sources */ = {isa = PBXBuildFile; fileRef = 384DC40A1E789D010017A525 /* SignUpViewController.swift */; };
		384DC40D1E789D1B0017A525 /* ResetPasswordViewController.swift in Sources */ = {isa = PBXBuildFile; fileRef = 384DC40C1E789D1B0017A525 /* ResetPasswordViewController.swift */; };
		384DC40F1E78DA300017A525 /* HomeViewController.swift in Sources */ = {isa = PBXBuildFile; fileRef = 384DC40E1E78DA300017A525 /* HomeViewController.swift */; };
		387503AD1E8B50CC00545A94 /* ValidatingViewController.swift in Sources */ = {isa = PBXBuildFile; fileRef = 387503AC1E8B50CC00545A94 /* ValidatingViewController.swift */; };
		38ADBD041E7F5BAF00B7B1B7 /* ValidatingTextField.swift in Sources */ = {isa = PBXBuildFile; fileRef = 38ADBD031E7F5BAF00B7B1B7 /* ValidatingTextField.swift */; };
		38CB67DA1E78766C00C331FA /* AppDelegate.swift in Sources */ = {isa = PBXBuildFile; fileRef = 38CB67D91E78766C00C331FA /* AppDelegate.swift */; };
		38CB67DF1E78766C00C331FA /* Main.storyboard in Resources */ = {isa = PBXBuildFile; fileRef = 38CB67DD1E78766C00C331FA /* Main.storyboard */; };
		38CB67E11E78766C00C331FA /* Assets.xcassets in Resources */ = {isa = PBXBuildFile; fileRef = 38CB67E01E78766C00C331FA /* Assets.xcassets */; };
		38CB67E41E78766C00C331FA /* LaunchScreen.storyboard in Resources */ = {isa = PBXBuildFile; fileRef = 38CB67E21E78766C00C331FA /* LaunchScreen.storyboard */; };
		38F58F081E788A090067E366 /* GoogleService-Info.plist in Resources */ = {isa = PBXBuildFile; fileRef = 38F58F071E788A090067E366 /* GoogleService-Info.plist */; };
		A168C6AF85D4EAD7D2C1CFA7 /* Pods_FirebaseTutorial.framework in Frameworks */ = {isa = PBXBuildFile; fileRef = FC798A897613E3F5345BC87D /* Pods_FirebaseTutorial.framework */; };
/* End PBXBuildFile section */

/* Begin PBXFileReference section */
		382A8A3B1E84767A005C1601 /* ActivityIndicatorMessageView.swift */ = {isa = PBXFileReference; fileEncoding = 4; lastKnownFileType = sourcecode.swift; path = ActivityIndicatorMessageView.swift; sourceTree = "<group>"; };
		384DC4081E789C130017A525 /* SignOnViewController.swift */ = {isa = PBXFileReference; fileEncoding = 4; lastKnownFileType = sourcecode.swift; path = SignOnViewController.swift; sourceTree = "<group>"; };
		384DC40A1E789D010017A525 /* SignUpViewController.swift */ = {isa = PBXFileReference; fileEncoding = 4; lastKnownFileType = sourcecode.swift; path = SignUpViewController.swift; sourceTree = "<group>"; };
		384DC40C1E789D1B0017A525 /* ResetPasswordViewController.swift */ = {isa = PBXFileReference; fileEncoding = 4; lastKnownFileType = sourcecode.swift; path = ResetPasswordViewController.swift; sourceTree = "<group>"; };
		384DC40E1E78DA300017A525 /* HomeViewController.swift */ = {isa = PBXFileReference; fileEncoding = 4; lastKnownFileType = sourcecode.swift; path = HomeViewController.swift; sourceTree = "<group>"; };
		387503AC1E8B50CC00545A94 /* ValidatingViewController.swift */ = {isa = PBXFileReference; fileEncoding = 4; lastKnownFileType = sourcecode.swift; path = ValidatingViewController.swift; sourceTree = "<group>"; };
		38ADBD031E7F5BAF00B7B1B7 /* ValidatingTextField.swift */ = {isa = PBXFileReference; fileEncoding = 4; lastKnownFileType = sourcecode.swift; path = ValidatingTextField.swift; sourceTree = "<group>"; };
		38CB67D61E78766C00C331FA /* FirebaseTutorial.app */ = {isa = PBXFileReference; explicitFileType = wrapper.application; includeInIndex = 0; path = FirebaseTutorial.app; sourceTree = BUILT_PRODUCTS_DIR; };
		38CB67D91E78766C00C331FA /* AppDelegate.swift */ = {isa = PBXFileReference; lastKnownFileType = sourcecode.swift; path = AppDelegate.swift; sourceTree = "<group>"; };
		38CB67DE1E78766C00C331FA /* Base */ = {isa = PBXFileReference; lastKnownFileType = file.storyboard; name = Base; path = Base.lproj/Main.storyboard; sourceTree = "<group>"; };
		38CB67E01E78766C00C331FA /* Assets.xcassets */ = {isa = PBXFileReference; lastKnownFileType = folder.assetcatalog; path = Assets.xcassets; sourceTree = "<group>"; };
		38CB67E31E78766C00C331FA /* Base */ = {isa = PBXFileReference; lastKnownFileType = file.storyboard; name = Base; path = Base.lproj/LaunchScreen.storyboard; sourceTree = "<group>"; };
		38CB67E51E78766C00C331FA /* Info.plist */ = {isa = PBXFileReference; lastKnownFileType = text.plist.xml; path = Info.plist; sourceTree = "<group>"; };
		38F58F071E788A090067E366 /* GoogleService-Info.plist */ = {isa = PBXFileReference; fileEncoding = 4; lastKnownFileType = text.plist.xml; path = "GoogleService-Info.plist"; sourceTree = "<group>"; };
		8AC6F264A675A3EFA42C24FF /* Pods-FirebaseTutorial.release.xcconfig */ = {isa = PBXFileReference; includeInIndex = 1; lastKnownFileType = text.xcconfig; name = "Pods-FirebaseTutorial.release.xcconfig"; path = "Pods/Target Support Files/Pods-FirebaseTutorial/Pods-FirebaseTutorial.release.xcconfig"; sourceTree = "<group>"; };
		B59FF7B6384B04BF64583905 /* Pods-FirebaseTutorial.debug.xcconfig */ = {isa = PBXFileReference; includeInIndex = 1; lastKnownFileType = text.xcconfig; name = "Pods-FirebaseTutorial.debug.xcconfig"; path = "Pods/Target Support Files/Pods-FirebaseTutorial/Pods-FirebaseTutorial.debug.xcconfig"; sourceTree = "<group>"; };
		FC798A897613E3F5345BC87D /* Pods_FirebaseTutorial.framework */ = {isa = PBXFileReference; explicitFileType = wrapper.framework; includeInIndex = 0; path = Pods_FirebaseTutorial.framework; sourceTree = BUILT_PRODUCTS_DIR; };
/* End PBXFileReference section */

/* Begin PBXFrameworksBuildPhase section */
		38CB67D31E78766C00C331FA /* Frameworks */ = {
			isa = PBXFrameworksBuildPhase;
			buildActionMask = 2147483647;
			files = (
				A168C6AF85D4EAD7D2C1CFA7 /* Pods_FirebaseTutorial.framework in Frameworks */,
			);
			runOnlyForDeploymentPostprocessing = 0;
		};
/* End PBXFrameworksBuildPhase section */

/* Begin PBXGroup section */
		38CB67CD1E78766C00C331FA = {
			isa = PBXGroup;
			children = (
				38CB67D81E78766C00C331FA /* FirebaseTutorial */,
				38CB67D71E78766C00C331FA /* Products */,
				635671EF18212999929B4D63 /* Pods */,
				D2988F05195F82F9FC8D7170 /* Frameworks */,
			);
			sourceTree = "<group>";
		};
		38CB67D71E78766C00C331FA /* Products */ = {
			isa = PBXGroup;
			children = (
				38CB67D61E78766C00C331FA /* FirebaseTutorial.app */,
			);
			name = Products;
			sourceTree = "<group>";
		};
		38CB67D81E78766C00C331FA /* FirebaseTutorial */ = {
			isa = PBXGroup;
			children = (
				38CB67D91E78766C00C331FA /* AppDelegate.swift */,
				38CB67DD1E78766C00C331FA /* Main.storyboard */,
				38CB67E01E78766C00C331FA /* Assets.xcassets */,
				38CB67E21E78766C00C331FA /* LaunchScreen.storyboard */,
				38CB67E51E78766C00C331FA /* Info.plist */,
				38F58F071E788A090067E366 /* GoogleService-Info.plist */,
				387503AC1E8B50CC00545A94 /* ValidatingViewController.swift */,
				384DC4081E789C130017A525 /* SignOnViewController.swift */,
				384DC40A1E789D010017A525 /* SignUpViewController.swift */,
				384DC40C1E789D1B0017A525 /* ResetPasswordViewController.swift */,
				384DC40E1E78DA300017A525 /* HomeViewController.swift */,
				38ADBD031E7F5BAF00B7B1B7 /* ValidatingTextField.swift */,
				382A8A3B1E84767A005C1601 /* ActivityIndicatorMessageView.swift */,
			);
			path = FirebaseTutorial;
			sourceTree = "<group>";
		};
		635671EF18212999929B4D63 /* Pods */ = {
			isa = PBXGroup;
			children = (
				B59FF7B6384B04BF64583905 /* Pods-FirebaseTutorial.debug.xcconfig */,
				8AC6F264A675A3EFA42C24FF /* Pods-FirebaseTutorial.release.xcconfig */,
			);
			name = Pods;
			sourceTree = "<group>";
		};
		D2988F05195F82F9FC8D7170 /* Frameworks */ = {
			isa = PBXGroup;
			children = (
				FC798A897613E3F5345BC87D /* Pods_FirebaseTutorial.framework */,
			);
			name = Frameworks;
			sourceTree = "<group>";
		};
/* End PBXGroup section */

/* Begin PBXNativeTarget section */
		38CB67D51E78766C00C331FA /* FirebaseTutorial */ = {
			isa = PBXNativeTarget;
			buildConfigurationList = 38CB67E81E78766C00C331FA /* Build configuration list for PBXNativeTarget "FirebaseTutorial" */;
			buildPhases = (
				66045C284575C2AB6266ED96 /* [CP] Check Pods Manifest.lock */,
				38CB67D21E78766C00C331FA /* Sources */,
				38CB67D31E78766C00C331FA /* Frameworks */,
				38CB67D41E78766C00C331FA /* Resources */,
				25EA6D1F9831259DEF244CCE /* [CP] Embed Pods Frameworks */,
				DBA467D8F0CA35CCEDE9FC1B /* [CP] Copy Pods Resources */,
			);
			buildRules = (
			);
			dependencies = (
			);
			name = FirebaseTutorial;
			productName = FirebaseTutorial;
			productReference = 38CB67D61E78766C00C331FA /* FirebaseTutorial.app */;
			productType = "com.apple.product-type.application";
		};
/* End PBXNativeTarget section */

/* Begin PBXProject section */
		38CB67CE1E78766C00C331FA /* Project object */ = {
			isa = PBXProject;
			attributes = {
				LastSwiftUpdateCheck = 0820;
				LastUpgradeCheck = 0820;
				ORGANIZATIONNAME = JMan500;
				TargetAttributes = {
					38CB67D51E78766C00C331FA = {
						CreatedOnToolsVersion = 8.2.1;
						DevelopmentTeam = RF4V39J8GD;
						ProvisioningStyle = Automatic;
					};
				};
			};
			buildConfigurationList = 38CB67D11E78766C00C331FA /* Build configuration list for PBXProject "FirebaseTutorial" */;
			compatibilityVersion = "Xcode 3.2";
			developmentRegion = English;
			hasScannedForEncodings = 0;
			knownRegions = (
				en,
				Base,
			);
			mainGroup = 38CB67CD1E78766C00C331FA;
			productRefGroup = 38CB67D71E78766C00C331FA /* Products */;
			projectDirPath = "";
			projectRoot = "";
			targets = (
				38CB67D51E78766C00C331FA /* FirebaseTutorial */,
			);
		};
/* End PBXProject section */

/* Begin PBXResourcesBuildPhase section */
		38CB67D41E78766C00C331FA /* Resources */ = {
			isa = PBXResourcesBuildPhase;
			buildActionMask = 2147483647;
			files = (
				38CB67E41E78766C00C331FA /* LaunchScreen.storyboard in Resources */,
				38F58F081E788A090067E366 /* GoogleService-Info.plist in Resources */,
				38CB67E11E78766C00C331FA /* Assets.xcassets in Resources */,
				38CB67DF1E78766C00C331FA /* Main.storyboard in Resources */,
			);
			runOnlyForDeploymentPostprocessing = 0;
		};
/* End PBXResourcesBuildPhase section */

/* Begin PBXShellScriptBuildPhase section */
		25EA6D1F9831259DEF244CCE /* [CP] Embed Pods Frameworks */ = {
			isa = PBXShellScriptBuildPhase;
			buildActionMask = 2147483647;
			files = (
			);
			inputPaths = (
			);
			name = "[CP] Embed Pods Frameworks";
			outputPaths = (
			);
			runOnlyForDeploymentPostprocessing = 0;
			shellPath = /bin/sh;
			shellScript = "\"${SRCROOT}/Pods/Target Support Files/Pods-FirebaseTutorial/Pods-FirebaseTutorial-frameworks.sh\"\n";
			showEnvVarsInLog = 0;
		};
		66045C284575C2AB6266ED96 /* [CP] Check Pods Manifest.lock */ = {
			isa = PBXShellScriptBuildPhase;
			buildActionMask = 2147483647;
			files = (
			);
			inputPaths = (
			);
			name = "[CP] Check Pods Manifest.lock";
			outputPaths = (
			);
			runOnlyForDeploymentPostprocessing = 0;
			shellPath = /bin/sh;
			shellScript = "diff \"${PODS_ROOT}/../Podfile.lock\" \"${PODS_ROOT}/Manifest.lock\" > /dev/null\nif [ $? != 0 ] ; then\n    # print error to STDERR\n    echo \"error: The sandbox is not in sync with the Podfile.lock. Run 'pod install' or update your CocoaPods installation.\" >&2\n    exit 1\nfi\n";
			showEnvVarsInLog = 0;
		};
		DBA467D8F0CA35CCEDE9FC1B /* [CP] Copy Pods Resources */ = {
			isa = PBXShellScriptBuildPhase;
			buildActionMask = 2147483647;
			files = (
			);
			inputPaths = (
			);
			name = "[CP] Copy Pods Resources";
			outputPaths = (
			);
			runOnlyForDeploymentPostprocessing = 0;
			shellPath = /bin/sh;
			shellScript = "\"${SRCROOT}/Pods/Target Support Files/Pods-FirebaseTutorial/Pods-FirebaseTutorial-resources.sh\"\n";
			showEnvVarsInLog = 0;
		};
/* End PBXShellScriptBuildPhase section */

/* Begin PBXSourcesBuildPhase section */
		38CB67D21E78766C00C331FA /* Sources */ = {
			isa = PBXSourcesBuildPhase;
			buildActionMask = 2147483647;
			files = (
				384DC4091E789C130017A525 /* SignOnViewController.swift in Sources */,
				384DC40D1E789D1B0017A525 /* ResetPasswordViewController.swift in Sources */,
				382A8A3C1E84767A005C1601 /* ActivityIndicatorMessageView.swift in Sources */,
				387503AD1E8B50CC00545A94 /* ValidatingViewController.swift in Sources */,
				384DC40B1E789D010017A525 /* SignUpViewController.swift in Sources */,
				38ADBD041E7F5BAF00B7B1B7 /* ValidatingTextField.swift in Sources */,
				38CB67DA1E78766C00C331FA /* AppDelegate.swift in Sources */,
				384DC40F1E78DA300017A525 /* HomeViewController.swift in Sources */,
			);
			runOnlyForDeploymentPostprocessing = 0;
		};
/* End PBXSourcesBuildPhase section */

/* Begin PBXVariantGroup section */
		38CB67DD1E78766C00C331FA /* Main.storyboard */ = {
			isa = PBXVariantGroup;
			children = (
				38CB67DE1E78766C00C331FA /* Base */,
			);
			name = Main.storyboard;
			sourceTree = "<group>";
		};
		38CB67E21E78766C00C331FA /* LaunchScreen.storyboard */ = {
			isa = PBXVariantGroup;
			children = (
				38CB67E31E78766C00C331FA /* Base */,
			);
			name = LaunchScreen.storyboard;
			sourceTree = "<group>";
		};
/* End PBXVariantGroup section */

/* Begin XCBuildConfiguration section */
		38CB67E61E78766C00C331FA /* Debug */ = {
			isa = XCBuildConfiguration;
			buildSettings = {
				ALWAYS_SEARCH_USER_PATHS = NO;
				CLANG_ANALYZER_NONNULL = YES;
				CLANG_CXX_LANGUAGE_STANDARD = "gnu++0x";
				CLANG_CXX_LIBRARY = "libc++";
				CLANG_ENABLE_MODULES = YES;
				CLANG_ENABLE_OBJC_ARC = YES;
				CLANG_WARN_BOOL_CONVERSION = YES;
				CLANG_WARN_CONSTANT_CONVERSION = YES;
				CLANG_WARN_DIRECT_OBJC_ISA_USAGE = YES_ERROR;
				CLANG_WARN_DOCUMENTATION_COMMENTS = YES;
				CLANG_WARN_EMPTY_BODY = YES;
				CLANG_WARN_ENUM_CONVERSION = YES;
				CLANG_WARN_INFINITE_RECURSION = YES;
				CLANG_WARN_INT_CONVERSION = YES;
				CLANG_WARN_OBJC_ROOT_CLASS = YES_ERROR;
				CLANG_WARN_SUSPICIOUS_MOVE = YES;
				CLANG_WARN_UNREACHABLE_CODE = YES;
				CLANG_WARN__DUPLICATE_METHOD_MATCH = YES;
				"CODE_SIGN_IDENTITY[sdk=iphoneos*]" = "iPhone Developer";
				COPY_PHASE_STRIP = NO;
				DEBUG_INFORMATION_FORMAT = dwarf;
				ENABLE_STRICT_OBJC_MSGSEND = YES;
				ENABLE_TESTABILITY = YES;
				GCC_C_LANGUAGE_STANDARD = gnu99;
				GCC_DYNAMIC_NO_PIC = NO;
				GCC_NO_COMMON_BLOCKS = YES;
				GCC_OPTIMIZATION_LEVEL = 0;
				GCC_PREPROCESSOR_DEFINITIONS = (
					"DEBUG=1",
					"$(inherited)",
				);
				GCC_WARN_64_TO_32_BIT_CONVERSION = YES;
				GCC_WARN_ABOUT_RETURN_TYPE = YES_ERROR;
				GCC_WARN_UNDECLARED_SELECTOR = YES;
				GCC_WARN_UNINITIALIZED_AUTOS = YES_AGGRESSIVE;
				GCC_WARN_UNUSED_FUNCTION = YES;
				GCC_WARN_UNUSED_VARIABLE = YES;
				IPHONEOS_DEPLOYMENT_TARGET = 10.2;
				MTL_ENABLE_DEBUG_INFO = YES;
				ONLY_ACTIVE_ARCH = YES;
				SDKROOT = iphoneos;
				SWIFT_ACTIVE_COMPILATION_CONDITIONS = DEBUG;
				SWIFT_OPTIMIZATION_LEVEL = "-Onone";
			};
			name = Debug;
		};
		38CB67E71E78766C00C331FA /* Release */ = {
			isa = XCBuildConfiguration;
			buildSettings = {
				ALWAYS_SEARCH_USER_PATHS = NO;
				CLANG_ANALYZER_NONNULL = YES;
				CLANG_CXX_LANGUAGE_STANDARD = "gnu++0x";
				CLANG_CXX_LIBRARY = "libc++";
				CLANG_ENABLE_MODULES = YES;
				CLANG_ENABLE_OBJC_ARC = YES;
				CLANG_WARN_BOOL_CONVERSION = YES;
				CLANG_WARN_CONSTANT_CONVERSION = YES;
				CLANG_WARN_DIRECT_OBJC_ISA_USAGE = YES_ERROR;
				CLANG_WARN_DOCUMENTATION_COMMENTS = YES;
				CLANG_WARN_EMPTY_BODY = YES;
				CLANG_WARN_ENUM_CONVERSION = YES;
				CLANG_WARN_INFINITE_RECURSION = YES;
				CLANG_WARN_INT_CONVERSION = YES;
				CLANG_WARN_OBJC_ROOT_CLASS = YES_ERROR;
				CLANG_WARN_SUSPICIOUS_MOVE = YES;
				CLANG_WARN_UNREACHABLE_CODE = YES;
				CLANG_WARN__DUPLICATE_METHOD_MATCH = YES;
				"CODE_SIGN_IDENTITY[sdk=iphoneos*]" = "iPhone Developer";
				COPY_PHASE_STRIP = NO;
				DEBUG_INFORMATION_FORMAT = "dwarf-with-dsym";
				ENABLE_NS_ASSERTIONS = NO;
				ENABLE_STRICT_OBJC_MSGSEND = YES;
				GCC_C_LANGUAGE_STANDARD = gnu99;
				GCC_NO_COMMON_BLOCKS = YES;
				GCC_WARN_64_TO_32_BIT_CONVERSION = YES;
				GCC_WARN_ABOUT_RETURN_TYPE = YES_ERROR;
				GCC_WARN_UNDECLARED_SELECTOR = YES;
				GCC_WARN_UNINITIALIZED_AUTOS = YES_AGGRESSIVE;
				GCC_WARN_UNUSED_FUNCTION = YES;
				GCC_WARN_UNUSED_VARIABLE = YES;
				IPHONEOS_DEPLOYMENT_TARGET = 10.2;
				MTL_ENABLE_DEBUG_INFO = NO;
				SDKROOT = iphoneos;
				SWIFT_OPTIMIZATION_LEVEL = "-Owholemodule";
				VALIDATE_PRODUCT = YES;
			};
			name = Release;
		};
		38CB67E91E78766C00C331FA /* Debug */ = {
			isa = XCBuildConfiguration;
			baseConfigurationReference = B59FF7B6384B04BF64583905 /* Pods-FirebaseTutorial.debug.xcconfig */;
			buildSettings = {
				ASSETCATALOG_COMPILER_APPICON_NAME = AppIcon;
				DEVELOPMENT_TEAM = RF4V39J8GD;
				INFOPLIST_FILE = FirebaseTutorial/Info.plist;
				LD_RUNPATH_SEARCH_PATHS = "$(inherited) @executable_path/Frameworks";
				PRODUCT_BUNDLE_IDENTIFIER = com.JMan500.FirebaseTutorial;
				PRODUCT_NAME = "$(TARGET_NAME)";
				SWIFT_VERSION = 3.0;
			};
			name = Debug;
		};
		38CB67EA1E78766C00C331FA /* Release */ = {
			isa = XCBuildConfiguration;
			baseConfigurationReference = 8AC6F264A675A3EFA42C24FF /* Pods-FirebaseTutorial.release.xcconfig */;
			buildSettings = {
				ASSETCATALOG_COMPILER_APPICON_NAME = AppIcon;
				DEVELOPMENT_TEAM = RF4V39J8GD;
				INFOPLIST_FILE = FirebaseTutorial/Info.plist;
				LD_RUNPATH_SEARCH_PATHS = "$(inherited) @executable_path/Frameworks";
				PRODUCT_BUNDLE_IDENTIFIER = com.JMan500.FirebaseTutorial;
				PRODUCT_NAME = "$(TARGET_NAME)";
				SWIFT_VERSION = 3.0;
			};
			name = Release;
		};
/* End XCBuildConfiguration section */

/* Begin XCConfigurationList section */
		38CB67D11E78766C00C331FA /* Build configuration list for PBXProject "FirebaseTutorial" */ = {
			isa = XCConfigurationList;
			buildConfigurations = (
				38CB67E61E78766C00C331FA /* Debug */,
				38CB67E71E78766C00C331FA /* Release */,
			);
			defaultConfigurationIsVisible = 0;
			defaultConfigurationName = Release;
		};
		38CB67E81E78766C00C331FA /* Build configuration list for PBXNativeTarget "FirebaseTutorial" */ = {
			isa = XCConfigurationList;
			buildConfigurations = (
				38CB67E91E78766C00C331FA /* Debug */,
				38CB67EA1E78766C00C331FA /* Release */,
			);
			defaultConfigurationIsVisible = 0;
			defaultConfigurationName = Release;
		};
/* End XCConfigurationList section */
	};
	rootObject = 38CB67CE1E78766C00C331FA /* Project object */;
}
